dependencies:
- name: kube-prometheus-stack
  repository: https://prometheus-community.github.io/helm-charts
  version: 68.5.0
- name: loki
  repository: https://grafana.github.io/helm-charts
  version: 6.55.0
- name: promtail
  repository: https://grafana.github.io/helm-charts
  version: 6.17.1
- name: ingress-nginx
  repository: https://kubernetes.github.io/ingress-nginx
  version: 4.11.8
- name: aws-ebs-csi-driver
  repository: https://kubernetes-sigs.github.io/aws-ebs-csi-driver
  version: 2.37.0
- name: metrics-server
  repository: https://kubernetes-sigs.github.io/metrics-server
  version: 3.12.2
digest: sha256:98787b475200b26e649000839e4a99a09a1d85fd9f9496933c54a7e9369f05d8
generated: "2026-07-14T03:23:33.479345246Z"
